<?xml version="1.0" encoding="utf-8"?>
<Project ToolsVersion="4.0" xmlns="http://schemas.microsoft.com/developer/msbuild/2003">
  <ItemGroup>
    <Filter Include="Source Files">
      <UniqueIdentifier>{4FC737F1-C7A5-4376-A066-2A32D752A2FF}</UniqueIdentifier>
      <Extensions>cpp;c;cc;cxx;def;odl;idl;hpj;bat;asm;asmx</Extensions>
    </Filter>
    <Filter Include="Header Files">
      <UniqueIdentifier>{93995380-89BD-4b04-88EB-625FBE52EBFB}</UniqueIdentifier>
      <Extensions>h;hpp;hxx;hm;inl;inc;xsd</Extensions>
    </Filter>
    <Filter Include="Resource Files">
      <UniqueIdentifier>{67DA6AB6-F800-4c08-8B7A-83BB121AAD01}</UniqueIdentifier>
      <Extensions>rc;ico;cur;bmp;dlg;rc2;rct;bin;rgs;gif;jpg;jpeg;jpe;resx;tiff;tif;png;wav;mfcribbon-ms</Extensions>
    </Filter>
    <Filter Include="Header Files\Important">
      <UniqueIdentifier>{05bf728e-897d-49c2-8157-f99325b5b825}</UniqueIdentifier>
    </Filter>
    <Filter Include="Source Files\Important">
      <UniqueIdentifier>{b2e41d0d-4a2b-477e-847e-0e81f2a1bd63}</UniqueIdentifier>
    </Filter>
    <Filter Include="Header Files\States">
      <UniqueIdentifier>{525b6245-c89e-4f44-8c79-db88729685c8}</UniqueIdentifier>
    </Filter>
    <Filter Include="Header Files\States\SplashScreen">
      <UniqueIdentifier>{6ded1897-3dab-4f1a-9b6a-da4ff4ac1566}</UniqueIdentifier>
    </Filter>
    <Filter Include="Source Files\States">
      <UniqueIdentifier>{260b4a6d-5114-45dd-ab41-78e570d27911}</UniqueIdentifier>
    </Filter>
    <Filter Include="Header Files\Managers">
      <UniqueIdentifier>{e4896ea3-94db-400d-9017-36760a2d6611}</UniqueIdentifier>
    </Filter>
    <Filter Include="Source Files\Managers">
      <UniqueIdentifier>{ba64a864-497b-4ce4-8e32-e72a2137fac9}</UniqueIdentifier>
    </Filter>
    <Filter Include="Header Files\States\MenuScreen">
      <UniqueIdentifier>{42ce2a2a-97eb-400e-bad1-1691dc144951}</UniqueIdentifier>
    </Filter>
    <Filter Include="Source Files\States\MenuScreen">
      <UniqueIdentifier>{2256b66e-d710-4607-8ee7-ab35bc4e89ca}</UniqueIdentifier>
    </Filter>
    <Filter Include="Source Files\States\SplashScreen">
      <UniqueIdentifier>{ce98c4f6-d989-46b8-8056-97231de89987}</UniqueIdentifier>
    </Filter>
    <Filter Include="Header Files\GameObjects">
      <UniqueIdentifier>{5c78a750-9123-4534-ad7b-0af0b7260b79}</UniqueIdentifier>
    </Filter>
    <Filter Include="Source Files\GameObjects">
      <UniqueIdentifier>{f33c3da1-f9d8-4b00-b145-1d64f6ce20e3}</UniqueIdentifier>
    </Filter>
    <Filter Include="Header Files\GameObjects\Player">
      <UniqueIdentifier>{ebbdfcfc-5328-4ec2-8e81-64fb04c187c0}</UniqueIdentifier>
    </Filter>
    <Filter Include="Source Files\GameObjects\Player">
      <UniqueIdentifier>{b4368416-046b-4e56-9122-6894eb240fc4}</UniqueIdentifier>
    </Filter>
    <Filter Include="Header Files\States\GameScreen">
      <UniqueIdentifier>{6bdb573c-5f20-4cb8-801c-34daf0e411ce}</UniqueIdentifier>
    </Filter>
    <Filter Include="Source Files\States\GameScreen">
      <UniqueIdentifier>{68e517f7-7dc7-40f3-bb24-5165d468913f}</UniqueIdentifier>
    </Filter>
    <Filter Include="Header Files\GameObjects\Killbeam">
      <UniqueIdentifier>{16d6325a-96bf-49a5-aee2-c52b2aa987f1}</UniqueIdentifier>
    </Filter>
    <Filter Include="Source Files\GameObjects\Killbeam">
      <UniqueIdentifier>{14fb9056-520c-4f6b-bd0d-42248810ed5c}</UniqueIdentifier>
    </Filter>
    <Filter Include="Source Files\GameObjects\Enemy">
      <UniqueIdentifier>{ad7ab01a-d352-4ec0-a561-e63ff493b59e}</UniqueIdentifier>
    </Filter>
    <Filter Include="Header Files\GameObjects\Enemy">
      <UniqueIdentifier>{9a6e2589-86dd-44aa-93e2-f049893fc6d1}</UniqueIdentifier>
    </Filter>
  </ItemGroup>
  <ItemGroup>
    <ClCompile Include="src\main.cpp">
      <Filter>Source Files</Filter>
    </ClCompile>
    <ClCompile Include="..\..\..\sqlite\sqlite3.c">
      <Filter>Source Files\Important</Filter>
    </ClCompile>
    <ClCompile Include="src\AssetManager.cpp">
      <Filter>Source Files\Managers</Filter>
    </ClCompile>
    <ClCompile Include="src\InputManager.cpp">
      <Filter>Source Files\Managers</Filter>
    </ClCompile>
    <ClCompile Include="src\StateMachine.cpp">
      <Filter>Source Files\Managers</Filter>
    </ClCompile>
    <ClCompile Include="src\Game.cpp">
      <Filter>Source Files</Filter>
    </ClCompile>
    <ClCompile Include="src\MenuState.cpp">
      <Filter>Source Files\States\MenuScreen</Filter>
    </ClCompile>
    <ClCompile Include="src\SplashState.cpp">
      <Filter>Source Files\States\SplashScreen</Filter>
    </ClCompile>
    <ClCompile Include="src\Player.cpp">
      <Filter>Source Files\GameObjects\Player</Filter>
    </ClCompile>
    <ClCompile Include="src\GameState.cpp">
      <Filter>Source Files\States\GameScreen</Filter>
    </ClCompile>
    <ClCompile Include="src\Killbeam.cpp">
      <Filter>Source Files\GameObjects\Killbeam</Filter>
    </ClCompile>
    <ClCompile Include="src\Enemy.cpp">
      <Filter>Source Files\GameObjects\Enemy</Filter>
    </ClCompile>
  </ItemGroup>
  <ItemGroup>
    <ClInclude Include="src\DEFINITIONS.h">
      <Filter>Header Files</Filter>
    </ClInclude>
    <ClInclude Include="..\..\..\sqlite\sqlite3.h">
      <Filter>Header Files\Important</Filter>
    </ClInclude>
    <ClInclude Include="src\State.h">
      <Filter>Header Files\States</Filter>
    </ClInclude>
    <ClInclude Include="src\SplashState.h">
      <Filter>Header Files\States\SplashScreen</Filter>
    </ClInclude>
    <ClInclude Include="src\AssetManager.h">
      <Filter>Header Files\Managers</Filter>
    </ClInclude>
    <ClInclude Include="src\InputManager.h">
      <Filter>Header Files\Managers</Filter>
    </ClInclude>
    <ClInclude Include="src\StateMachine.h">
      <Filter>Header Files\Managers</Filter>
    </ClInclude>
    <ClInclude Include="src\Game.h">
      <Filter>Header Files</Filter>
    </ClInclude>
    <ClInclude Include="src\MenuState.h">
      <Filter>Header Files\States\MenuScreen</Filter>
    </ClInclude>
    <ClInclude Include="src\GameObject.h">
      <Filter>Header Files\GameObjects</Filter>
    </ClInclude>
    <ClInclude Include="src\Player.h">
      <Filter>Header Files\GameObjects\Player</Filter>
    </ClInclude>
    <ClInclude Include="src\GameState.h">
      <Filter>Header Files\States\GameScreen</Filter>
    </ClInclude>
    <ClInclude Include="src\Killbeam.h">
      <Filter>Header Files\GameObjects\Killbeam</Filter>
    </ClInclude>
    <ClInclude Include="src\Enemy.h">
      <Filter>Header Files\GameObjects\Enemy</Filter>
    </ClInclude>
  </ItemGroup>
</Project>
